
Microsoft Visual Studio Solution File, Format Version 12.00
# Visual Studio Version 16
VisualStudioVersion = 16.0.30523.141
MinimumVisualStudioVersion = 10.0.40219.1
Project("{9A19103F-16F7-4668-BE54-9A1E7A4F7556}") = "HotelReservation", "HotelReservation\HotelReservation.csproj", "{66CF791D-3EEA-4308-AFD0-639D3D5F35D5}"
EndProject
Project("{9A19103F-16F7-4668-BE54-9A1E7A4F7556}") = "NUnitTestProject1", "NUnitTestProject1\NUnitTestProject1.csproj", "{5A43A991-A340-4AE8-AAAB-9E2CE9A543AD}"
EndProject
Global
	GlobalSection(SolutionConfigurationPlatforms) = preSolution
		Debug|Any CPU = Debug|Any CPU
		Release|Any CPU = Release|Any CPU
	EndGlobalSection
	GlobalSection(ProjectConfigurationPlatforms) = postSolution
		{66CF791D-3EEA-4308-AFD0-639D3D5F35D5}.Debug|Any CPU.ActiveCfg = Debug|Any CPU
		{66CF791D-3EEA-4308-AFD0-639D3D5F35D5}.Debug|Any CPU.Build.0 = Debug|Any CPU
		{66CF791D-3EEA-4308-AFD0-639D3D5F35D5}.Release|Any CPU.ActiveCfg = Release|Any CPU
		{66CF791D-3EEA-4308-AFD0-639D3D5F35D5}.Release|Any CPU.Build.0 = Release|Any CPU
		{5A43A991-A340-4AE8-AAAB-9E2CE9A543AD}.Debug|Any CPU.ActiveCfg = Debug|Any CPU
		{5A43A991-A340-4AE8-AAAB-9E2CE9A543AD}.Debug|Any CPU.Build.0 = Debug|Any CPU
		{5A43A991-A340-4AE8-AAAB-9E2CE9A543AD}.Release|Any CPU.ActiveCfg = Release|Any CPU
		{5A43A991-A340-4AE8-AAAB-9E2CE9A543AD}.Release|Any CPU.Build.0 = Release|Any CPU
	EndGlobalSection
	GlobalSection(SolutionProperties) = preSolution
		HideSolutionNode = FALSE
	EndGlobalSection
	GlobalSection(ExtensibilityGlobals) = postSolution
		SolutionGuid = {CE656049-D1D7-46EE-B957-82B7709B5BC1}
	EndGlobalSection
EndGlobal
